// !$*UTF8*$!
{
	archiveVersion = 1;
	classes = {
	};
	objectVersion = 48;
	objects = {

/* Begin PBXBuildFile section */
		B7CDCA611F7071C200001ADC /* AppDelegate.swift in Sources */ = {isa = PBXBuildFile; fileRef = B7CDCA601F7071C200001ADC /* AppDelegate.swift */; };
		B7CDCA631F7071C200001ADC /* ViewController.swift in Sources */ = {isa = PBXBuildFile; fileRef = B7CDCA621F7071C200001ADC /* ViewController.swift */; };
		B7CDCA661F7071C200001ADC /* Main.storyboard in Resources */ = {isa = PBXBuildFile; fileRef = B7CDCA641F7071C200001ADC /* Main.storyboard */; };
		B7CDCA681F7071C200001ADC /* Assets.xcassets in Resources */ = {isa = PBXBuildFile; fileRef = B7CDCA671F7071C200001ADC /* Assets.xcassets */; };
		B7CDCA6B1F7071C200001ADC /* LaunchScreen.storyboard in Resources */ = {isa = PBXBuildFile; fileRef = B7CDCA691F7071C200001ADC /* LaunchScreen.storyboard */; };
/* End PBXBuildFile section */

/* Begin PBXFileReference section */
		B7CDCA5D1F7071C200001ADC /* Eratosthenes.app */ = {isa = PBXFileReference; explicitFileType = wrapper.application; includeInIndex = 0; path = Eratosthenes.app; sourceTree = BUILT_PRODUCTS_DIR; };
		B7CDCA601F7071C200001ADC /* AppDelegate.swift */ = {isa = PBXFileReference; lastKnownFileType = sourcecode.swift; path = AppDelegate.swift; sourceTree = "<group>"; };
		B7CDCA621F7071C200001ADC /* ViewController.swift */ = {isa = PBXFileReference; lastKnownFileType = sourcecode.swift; path = ViewController.swift; sourceTree = "<group>"; };
		B7CDCA651F7071C200001ADC /* Base */ = {isa = PBXFileReference; lastKnownFileType = file.storyboard; name = Base; path = Base.lproj/Main.storyboard; sourceTree = "<group>"; };
		B7CDCA671F7071C200001ADC /* Assets.xcassets */ = {isa = PBXFileReference; lastKnownFileType = folder.assetcatalog; path = Assets.xcassets; sourceTree = "<group>"; };
		B7CDCA6A1F7071C200001ADC /* Base */ = {isa = PBXFileReference; lastKnownFileType = file.storyboard; name = Base; path = Base.lproj/LaunchScreen.storyboard; sourceTree = "<group>"; };
		B7CDCA6C1F7071C200001ADC /* Info.plist */ = {isa = PBXFileReference; lastKnownFileType = text.plist.xml; path = Info.plist; sourceTree = "<group>"; };
/* End PBXFileReference section */

/* Begin PBXFrameworksBuildPhase section */
		B7CDCA5A1F7071C200001ADC /* Frameworks */ = {
			isa = PBXFrameworksBuildPhase;
			buildActionMask = 2147483647;
			files = (
			);
			runOnlyForDeploymentPostprocessing = 0;
		};
/* End PBXFrameworksBuildPhase section */

/* Begin PBXGroup section */
		B7CDCA541F7071C200001ADC = {
			isa = PBXGroup;
			children = (
				B7CDCA5F1F7071C200001ADC /* Eratosthenes */,
				B7CDCA5E1F7071C200001ADC /* Products */,
			);
			sourceTree = "<group>";
		};
		B7CDCA5E1F7071C200001ADC /* Products */ = {
			isa = PBXGroup;
			children = (
				B7CDCA5D1F7071C200001ADC /* Eratosthenes.app */,
			);
			name = Products;
			sourceTree = "<group>";
		};
		B7CDCA5F1F7071C200001ADC /* Eratosthenes */ = {
			isa = PBXGroup;
			children = (
				B7CDCA601F7071C200001ADC /* AppDelegate.swift */,
				B7CDCA621F7071C200001ADC /* ViewController.swift */,
				B7CDCA641F7071C200001ADC /* Main.storyboard */,
				B7CDCA671F7071C200001ADC /* Assets.xcassets */,
				B7CDCA691F7071C200001ADC /* LaunchScreen.storyboard */,
				B7CDCA6C1F7071C200001ADC /* Info.plist */,
			);
			path = Eratosthenes;
			sourceTree = "<group>";
		};
/* End PBXGroup section */

/* Begin PBXNativeTarget section */
		B7CDCA5C1F7071C200001ADC /* Eratosthenes */ = {
			isa = PBXNativeTarget;
			buildConfigurationList = B7CDCA6F1F7071C200001ADC /* Build configuration list for PBXNativeTarget "Eratosthenes" */;
			buildPhases = (
				B7CDCA591F7071C200001ADC /* Sources */,
				B7CDCA5A1F7071C200001ADC /* Frameworks */,
				B7CDCA5B1F7071C200001ADC /* Resources */,
			);
			buildRules = (
			);
			dependencies = (
			);
			name = Eratosthenes;
			productName = Eratosthenes;
			productReference = B7CDCA5D1F7071C200001ADC /* Eratosthenes.app */;
			productType = "com.apple.product-type.application";
		};
/* End PBXNativeTarget section */

/* Begin PBXProject section */
		B7CDCA551F7071C200001ADC /* Project object */ = {
			isa = PBXProject;
			attributes = {
				LastSwiftUpdateCheck = 0900;
				LastUpgradeCheck = 0900;
				ORGANIZATIONNAME = "Doug Harper";
				TargetAttributes = {
					B7CDCA5C1F7071C200001ADC = {
						CreatedOnToolsVersion = 9.0;
						ProvisioningStyle = Automatic;
					};
				};
			};
			buildConfigurationList = B7CDCA581F7071C200001ADC /* Build configuration list for PBXProject "Eratosthenes" */;
			compatibilityVersion = "Xcode 8.0";
			developmentRegion = en;
			hasScannedForEncodings = 0;
			knownRegions = (
				en,
				Base,
			);
			mainGroup = B7CDCA541F7071C200001ADC;
			productRefGroup = B7CDCA5E1F7071C200001ADC /* Products */;
			projectDirPath = "";
			projectRoot = "";
			targets = (
				B7CDCA5C1F7071C200001ADC /* Eratosthenes */,
			);
		};
/* End PBXProject section */

/* Begin PBXResourcesBuildPhase section */
		B7CDCA5B1F7071C200001ADC /* Resources */ = {
			isa = PBXResourcesBuildPhase;
			buildActionMask = 2147483647;
			files = (
				B7CDCA6B1F7071C200001ADC /* LaunchScreen.storyboard in Resources */,
				B7CDCA681F7071C200001ADC /* Assets.xcassets in Resources */,
				B7CDCA661F7071C200001ADC /* Main.storyboard in Resources */,
			);
			runOnlyForDeploymentPostprocessing = 0;
		};
/* End PBXResourcesBuildPhase section */

/* Begin PBXSourcesBuildPhase section */
		B7CDCA591F7071C200001ADC /* Sources */ = {
			isa = PBXSourcesBuildPhase;
			buildActionMask = 2147483647;
			files = (
				B7CDCA631F7071C200001ADC /* ViewController.swift in Sources */,
				B7CDCA611F7071C200001ADC /* AppDelegate.swift in Sources */,
			);
			runOnlyForDeploymentPostprocessing = 0;
		};
/* End PBXSourcesBuildPhase section */

/* Begin PBXVariantGroup section */
		B7CDCA641F7071C200001ADC /* Main.storyboard */ = {
			isa = PBXVariantGroup;
			children = (
				B7CDCA651F7071C200001ADC /* Base */,
			);
			name = Main.storyboard;
			sourceTree = "<group>";
		};
		B7CDCA691F7071C200001ADC /* LaunchScreen.storyboard */ = {
			isa = PBXVariantGroup;
			children = (
				B7CDCA6A1F7071C200001ADC /* Base */,
			);
			name = LaunchScreen.storyboard;
			sourceTree = "<group>";
		};
/* End PBXVariantGroup section */

/* Begin XCBuildConfiguration section */
		B7CDCA6D1F7071C200001ADC /* Debug */ = {
			isa = XCBuildConfiguration;
			buildSettings = {
				ALWAYS_SEARCH_USER_PATHS = NO;
				CLANG_ANALYZER_NONNULL = YES;
				CLANG_ANALYZER_NUMBER_OBJECT_CONVERSION = YES_AGGRESSIVE;
				CLANG_CXX_LANGUAGE_STANDARD = "gnu++14";
				CLANG_CXX_LIBRARY = "libc++";
				CLANG_ENABLE_MODULES = YES;
				CLANG_ENABLE_OBJC_ARC = YES;
				CLANG_WARN_BLOCK_CAPTURE_AUTORELEASING = YES;
				CLANG_WARN_BOOL_CONVERSION = YES;
				CLANG_WARN_COMMA = YES;
				CLANG_WARN_CONSTANT_CONVERSION = YES;
				CLANG_WARN_DIRECT_OBJC_ISA_USAGE = YES_ERROR;
				CLANG_WARN_DOCUMENTATION_COMMENTS = YES;
				CLANG_WARN_EMPTY_BODY = YES;
				CLANG_WARN_ENUM_CONVERSION = YES;
				CLANG_WARN_INFINITE_RECURSION = YES;
				CLANG_WARN_INT_CONVERSION = YES;
				CLANG_WARN_NON_LITERAL_NULL_CONVERSION = YES;
				CLANG_WARN_OBJC_LITERAL_CONVERSION = YES;
				CLANG_WARN_OBJC_ROOT_CLASS = YES_ERROR;
				CLANG_WARN_RANGE_LOOP_ANALYSIS = YES;
				CLANG_WARN_STRICT_PROTOTYPES = YES;
				CLANG_WARN_SUSPICIOUS_MOVE = YES;
				CLANG_WARN_UNGUARDED_AVAILABILITY = YES_AGGRESSIVE;
				CLANG_WARN_UNREACHABLE_CODE = YES;
				CLANG_WARN__DUPLICATE_METHOD_MATCH = YES;
				CODE_SIGN_IDENTITY = "iPhone Developer";
				COPY_PHASE_STRIP = NO;
				DEBUG_INFORMATION_FORMAT = dwarf;
				ENABLE_STRICT_OBJC_MSGSEND = YES;
				ENABLE_TESTABILITY = YES;
				GCC_C_LANGUAGE_STANDARD = gnu11;
				GCC_DYNAMIC_NO_PIC = NO;
				GCC_NO_COMMON_BLOCKS = YES;
				GCC_OPTIMIZATION_LEVEL = 0;
				GCC_PREPROCESSOR_DEFINITIONS = (
					"DEBUG=1",
					"$(inherited)",
				);
				GCC_WARN_64_TO_32_BIT_CONVERSION = YES;
				GCC_WARN_ABOUT_RETURN_TYPE = YES_ERROR;
				GCC_WARN_UNDECLARED_SELECTOR = YES;
				GCC_WARN_UNINITIALIZED_AUTOS = YES_AGGRESSIVE;
				GCC_WARN_UNUSED_FUNCTION = YES;
				GCC_WARN_UNUSED_VARIABLE = YES;
				IPHONEOS_DEPLOYMENT_TARGET = 11.0;
				MTL_ENABLE_DEBUG_INFO = YES;
				ONLY_ACTIVE_ARCH = YES;
				SDKROOT = iphoneos;
				SWIFT_ACTIVE_COMPILATION_CONDITIONS = DEBUG;
				SWIFT_OPTIMIZATION_LEVEL = "-Onone";
			};
			name = Debug;
		};
		B7CDCA6E1F7071C200001ADC /* Release */ = {
			isa = XCBuildConfiguration;
			buildSettings = {
				ALWAYS_SEARCH_USER_PATHS = NO;
				CLANG_ANALYZER_NONNULL = YES;
				CLANG_ANALYZER_NUMBER_OBJECT_CONVERSION = YES_AGGRESSIVE;
				CLANG_CXX_LANGUAGE_STANDARD = "gnu++14";
				CLANG_CXX_LIBRARY = "libc++";
				CLANG_ENABLE_MODULES = YES;
				CLANG_ENABLE_OBJC_ARC = YES;
				CLANG_WARN_BLOCK_CAPTURE_AUTORELEASING = YES;
				CLANG_WARN_BOOL_CONVERSION = YES;
				CLANG_WARN_COMMA = YES;
				CLANG_WARN_CONSTANT_CONVERSION = YES;
				CLANG_WARN_DIRECT_OBJC_ISA_USAGE = YES_ERROR;
				CLANG_WARN_DOCUMENTATION_COMMENTS = YES;
				CLANG_WARN_EMPTY_BODY = YES;
				CLANG_WARN_ENUM_CONVERSION = YES;
				CLANG_WARN_INFINITE_RECURSION = YES;
				CLANG_WARN_INT_CONVERSION = YES;
				CLANG_WARN_NON_LITERAL_NULL_CONVERSION = YES;
				CLANG_WARN_OBJC_LITERAL_CONVERSION = YES;
				CLANG_WARN_OBJC_ROOT_CLASS = YES_ERROR;
				CLANG_WARN_RANGE_LOOP_ANALYSIS = YES;
				CLANG_WARN_STRICT_PROTOTYPES = YES;
				CLANG_WARN_SUSPICIOUS_MOVE = YES;
				CLANG_WARN_UNGUARDED_AVAILABILITY = YES_AGGRESSIVE;
				CLANG_WARN_UNREACHABLE_CODE = YES;
				CLANG_WARN__DUPLICATE_METHOD_MATCH = YES;
				CODE_SIGN_IDENTITY = "iPhone Developer";
				COPY_PHASE_STRIP = NO;
				DEBUG_INFORMATION_FORMAT = "dwarf-with-dsym";
				ENABLE_NS_ASSERTIONS = NO;
				ENABLE_STRICT_OBJC_MSGSEND = YES;
				GCC_C_LANGUAGE_STANDARD = gnu11;
				GCC_NO_COMMON_BLOCKS = YES;
				GCC_WARN_64_TO_32_BIT_CONVERSION = YES;
				GCC_WARN_ABOUT_RETURN_TYPE = YES_ERROR;
				GCC_WARN_UNDECLARED_SELECTOR = YES;
				GCC_WARN_UNINITIALIZED_AUTOS = YES_AGGRESSIVE;
				GCC_WARN_UNUSED_FUNCTION = YES;
				GCC_WARN_UNUSED_VARIABLE = YES;
				IPHONEOS_DEPLOYMENT_TARGET = 11.0;
				MTL_ENABLE_DEBUG_INFO = NO;
				SDKROOT = iphoneos;
				SWIFT_OPTIMIZATION_LEVEL = "-Owholemodule";
				VALIDATE_PRODUCT = YES;
			};
			name = Release;
		};
		B7CDCA701F7071C200001ADC /* Debug */ = {
			isa = XCBuildConfiguration;
			buildSettings = {
				ASSETCATALOG_COMPILER_APPICON_NAME = AppIcon;
				CODE_SIGN_STYLE = Automatic;
				DEVELOPMENT_TEAM = H83DTQE69D;
				INFOPLIST_FILE = Eratosthenes/Info.plist;
				LD_RUNPATH_SEARCH_PATHS = "$(inherited) @executable_path/Frameworks";
				PRODUCT_BUNDLE_IDENTIFIER = "com.doug-harper.Eratosthenes";
				PRODUCT_NAME = "$(TARGET_NAME)";
				SWIFT_VERSION = 4.0;
				TARGETED_DEVICE_FAMILY = "1,2";
			};
			name = Debug;
		};
		B7CDCA711F7071C200001ADC /* Release */ = {
			isa = XCBuildConfiguration;
			buildSettings = {
				ASSETCATALOG_COMPILER_APPICON_NAME = AppIcon;
				CODE_SIGN_STYLE = Automatic;
				DEVELOPMENT_TEAM = H83DTQE69D;
				INFOPLIST_FILE = Eratosthenes/Info.plist;
				LD_RUNPATH_SEARCH_PATHS = "$(inherited) @executable_path/Frameworks";
				PRODUCT_BUNDLE_IDENTIFIER = "com.doug-harper.Eratosthenes";
				PRODUCT_NAME = "$(TARGET_NAME)";
				SWIFT_VERSION = 4.0;
				TARGETED_DEVICE_FAMILY = "1,2";
			};
			name = Release;
		};
/* End XCBuildConfiguration section */

/* Begin XCConfigurationList section */
		B7CDCA581F7071C200001ADC /* Build configuration list for PBXProject "Eratosthenes" */ = {
			isa = XCConfigurationList;
			buildConfigurations = (
				B7CDCA6D1F7071C200001ADC /* Debug */,
				B7CDCA6E1F7071C200001ADC /* Release */,
			);
			defaultConfigurationIsVisible = 0;
			defaultConfigurationName = Release;
		};
		B7CDCA6F1F7071C200001ADC /* Build configuration list for PBXNativeTarget "Eratosthenes" */ = {
			isa = XCConfigurationList;
			buildConfigurations = (
				B7CDCA701F7071C200001ADC /* Debug */,
				B7CDCA711F7071C200001ADC /* Release */,
			);
			defaultConfigurationIsVisible = 0;
			defaultConfigurationName = Release;
		};
/* End XCConfigurationList section */
	};
	rootObject = B7CDCA551F7071C200001ADC /* Project object */;
}
